
Microsoft Visual Studio Solution File, Format Version 12.00
# Visual Studio Version 16
VisualStudioVersion = 16.0.31205.134
MinimumVisualStudioVersion = 10.0.40219.1
Project("{E24C65DC-7377-472B-9ABA-BC803B73C61A}") = "CodeDiary.github.io(1)", ".", "{C8BD5286-56E9-40C0-A01F-B6B01FFF1E30}"
	ProjectSection(WebsiteProperties) = preProject
		TargetFrameworkMoniker = ".NETFramework,Version%3Dv4.0"
		Debug.AspNetCompiler.VirtualPath = "/localhost_51067"
		Debug.AspNetCompiler.PhysicalPath = "..\CodeDiary.github.io\"
		Debug.AspNetCompiler.TargetPath = "PrecompiledWeb\localhost_51067\"
		Debug.AspNetCompiler.Updateable = "true"
		Debug.AspNetCompiler.ForceOverwrite = "true"
		Debug.AspNetCompiler.FixedNames = "false"
		Debug.AspNetCompiler.Debug = "True"
		Release.AspNetCompiler.VirtualPath = "/localhost_51067"
		Release.AspNetCompiler.PhysicalPath = "..\CodeDiary.github.io\"
		Release.AspNetCompiler.TargetPath = "PrecompiledWeb\localhost_51067\"
		Release.AspNetCompiler.Updateable = "true"
		Release.AspNetCompiler.ForceOverwrite = "true"
		Release.AspNetCompiler.FixedNames = "false"
		Release.AspNetCompiler.Debug = "False"
		VWDPort = "51067"
		SlnRelativePath = "..\CodeDiary.github.io\"
	EndProjectSection
EndProject
Global
	GlobalSection(SolutionConfigurationPlatforms) = preSolution
		Debug|Any CPU = Debug|Any CPU
	EndGlobalSection
	GlobalSection(ProjectConfigurationPlatforms) = postSolution
		{C8BD5286-56E9-40C0-A01F-B6B01FFF1E30}.Debug|Any CPU.ActiveCfg = Debug|Any CPU
		{C8BD5286-56E9-40C0-A01F-B6B01FFF1E30}.Debug|Any CPU.Build.0 = Debug|Any CPU
	EndGlobalSection
	GlobalSection(SolutionProperties) = preSolution
		HideSolutionNode = FALSE
	EndGlobalSection
	GlobalSection(ExtensibilityGlobals) = postSolution
		SolutionGuid = {500A1A3E-FE2E-491C-A7BB-4204C50E4D46}
	EndGlobalSection
EndGlobal
